{
  "version": 4,
  "terraform_version": "1.1.5",
  "serial": 28,
  "lineage": "aa38aa24-6df9-07df-c3e4-d290857a8ca0",
  "outputs": {},
  "resources": [
    {
      "module": "module.private_repository",
      "mode": "managed",
      "type": "github_repository",
      "name": "repository",
      "provider": "provider[\"registry.terraform.io/hashicorp/github\"]",
      "instances": [
        {
          "schema_version": 0,
          "attributes": {
            "allow_auto_merge": false,
            "allow_merge_commit": true,
            "allow_rebase_merge": false,
            "allow_squash_merge": false,
            "archive_on_destroy": null,
            "archived": false,
            "auto_init": true,
            "branches": [
              {
                "name": "main",
                "protected": false
              }
            ],
            "default_branch": "main",
            "delete_branch_on_merge": false,
            "description": "manage self-service onboarding for new employees",
            "etag": "W/\"d99d2413299e4fbfd8ee1b715d626b52d8c6ecfdf42496e2cf2ad5f0fe8c16f2\"",
            "full_name": "Funminiyi-debug/self-service-repo",
            "git_clone_url": "git://github.com/Funminiyi-debug/self-service-repo.git",
            "gitignore_template": "Terraform",
            "has_downloads": false,
            "has_issues": true,
            "has_projects": false,
            "has_wiki": false,
            "homepage_url": "https://medium.com/mineiros",
            "html_url": "https://github.com/Funminiyi-debug/self-service-repo",
            "http_clone_url": "https://github.com/Funminiyi-debug/self-service-repo.git",
            "id": "self-service-repo",
            "is_template": false,
            "license_template": "apache-2.0",
            "name": "self-service-repo",
            "node_id": "R_kgDOG0W7zQ",
            "pages": [],
            "private": true,
            "repo_id": 457554893,
            "ssh_clone_url": "git@github.com:Funminiyi-debug/self-service-repo.git",
            "svn_url": "https://github.com/Funminiyi-debug/self-service-repo",
            "template": [],
            "topics": [
              "anothertestrepository",
              "iac",
              "terraform",
              "terraform-modules"
            ],
            "visibility": "private",
            "vulnerability_alerts": false
          },
          "sensitive_attributes": [],
          "private": "bnVsbA=="
        }
      ]
    }
  ]
}
